
Microsoft Visual Studio Solution File, Format Version 12.00
# Visual Studio 15
VisualStudioVersion = 15.0.28307.1022
MinimumVisualStudioVersion = 10.0.40219.1
Project("{FAE04EC0-301F-11D3-BF4B-00C04F79EFBC}") = "SAA_Project", "SAA_Project\SAA_Project.csproj", "{78326336-F442-4EA5-A60A-252F27439667}"
EndProject
Global
	GlobalSection(SolutionConfigurationPlatforms) = preSolution
		Debug|Any CPU = Debug|Any CPU
		Release|Any CPU = Release|Any CPU
	EndGlobalSection
	GlobalSection(ProjectConfigurationPlatforms) = postSolution
		{78326336-F442-4EA5-A60A-252F27439667}.Debug|Any CPU.ActiveCfg = Debug|Any CPU
		{78326336-F442-4EA5-A60A-252F27439667}.Debug|Any CPU.Build.0 = Debug|Any CPU
		{78326336-F442-4EA5-A60A-252F27439667}.Release|Any CPU.ActiveCfg = Release|Any CPU
		{78326336-F442-4EA5-A60A-252F27439667}.Release|Any CPU.Build.0 = Release|Any CPU
	EndGlobalSection
	GlobalSection(SolutionProperties) = preSolution
		HideSolutionNode = FALSE
	EndGlobalSection
	GlobalSection(ExtensibilityGlobals) = postSolution
		SolutionGuid = {4C6AF644-8250-4541-956C-19B3903B49A4}
	EndGlobalSection
EndGlobal
